
Microsoft Visual Studio Solution File, Format Version 12.00
# Visual Studio Version 17
VisualStudioVersion = 17.12.35309.182
MinimumVisualStudioVersion = 10.0.40219.1
Project("{FAE04EC0-301F-11D3-BF4B-00C04F79EFBC}") = "14pr", "14pr\14pr.csproj", "{730B35B0-BB93-401C-8EC3-8F058528B16A}"
EndProject
Global
	GlobalSection(SolutionConfigurationPlatforms) = preSolution
		Debug|Any CPU = Debug|Any CPU
		Release|Any CPU = Release|Any CPU
	EndGlobalSection
	GlobalSection(ProjectConfigurationPlatforms) = postSolution
		{730B35B0-BB93-401C-8EC3-8F058528B16A}.Debug|Any CPU.ActiveCfg = Debug|Any CPU
		{730B35B0-BB93-401C-8EC3-8F058528B16A}.Debug|Any CPU.Build.0 = Debug|Any CPU
		{730B35B0-BB93-401C-8EC3-8F058528B16A}.Release|Any CPU.ActiveCfg = Release|Any CPU
		{730B35B0-BB93-401C-8EC3-8F058528B16A}.Release|Any CPU.Build.0 = Release|Any CPU
	EndGlobalSection
	GlobalSection(SolutionProperties) = preSolution
		HideSolutionNode = FALSE
	EndGlobalSection
	GlobalSection(ExtensibilityGlobals) = postSolution
		SolutionGuid = {0299E229-6ADE-4E85-9AB2-E3DB770B6074}
	EndGlobalSection
EndGlobal
